
Microsoft Visual Studio Solution File, Format Version 12.00
# Visual Studio Version 17
VisualStudioVersion = 17.7.34018.315
MinimumVisualStudioVersion = 10.0.40219.1
Project("{FAE04EC0-301F-11D3-BF4B-00C04F79EFBC}") = "OurCalcLib", "OurCalcLib\OurCalcLib.csproj", "{71EEDAEC-6783-43A4-930C-A803EA9EBE7A}"
EndProject
Project("{FAE04EC0-301F-11D3-BF4B-00C04F79EFBC}") = "SpecFlowProject1", "SpecFlowProject1\SpecFlowProject1.csproj", "{76B212EB-A3E5-4A44-B8CC-1B194B386F59}"
EndProject
Global
	GlobalSection(SolutionConfigurationPlatforms) = preSolution
		Debug|Any CPU = Debug|Any CPU
		Release|Any CPU = Release|Any CPU
	EndGlobalSection
	GlobalSection(ProjectConfigurationPlatforms) = postSolution
		{71EEDAEC-6783-43A4-930C-A803EA9EBE7A}.Debug|Any CPU.ActiveCfg = Debug|Any CPU
		{71EEDAEC-6783-43A4-930C-A803EA9EBE7A}.Debug|Any CPU.Build.0 = Debug|Any CPU
		{71EEDAEC-6783-43A4-930C-A803EA9EBE7A}.Release|Any CPU.ActiveCfg = Release|Any CPU
		{71EEDAEC-6783-43A4-930C-A803EA9EBE7A}.Release|Any CPU.Build.0 = Release|Any CPU
		{76B212EB-A3E5-4A44-B8CC-1B194B386F59}.Debug|Any CPU.ActiveCfg = Debug|Any CPU
		{76B212EB-A3E5-4A44-B8CC-1B194B386F59}.Debug|Any CPU.Build.0 = Debug|Any CPU
		{76B212EB-A3E5-4A44-B8CC-1B194B386F59}.Release|Any CPU.ActiveCfg = Release|Any CPU
		{76B212EB-A3E5-4A44-B8CC-1B194B386F59}.Release|Any CPU.Build.0 = Release|Any CPU
	EndGlobalSection
	GlobalSection(SolutionProperties) = preSolution
		HideSolutionNode = FALSE
	EndGlobalSection
	GlobalSection(ExtensibilityGlobals) = postSolution
		SolutionGuid = {A7DB10D6-9F99-49FA-84B0-D94D00E9EA60}
	EndGlobalSection
EndGlobal
